
Microsoft Visual Studio Solution File, Format Version 12.00
# Visual Studio Version 16
VisualStudioVersion = 16.0.30204.135
MinimumVisualStudioVersion = 10.0.40219.1
Project("{FAE04EC0-301F-11D3-BF4B-00C04F79EFBC}") = "ImageViewer", "ImageViewer\ImageViewer.csproj", "{591E17DD-9953-4E8E-84C5-2E4C73002A38}"
EndProject
Project("{FAE04EC0-301F-11D3-BF4B-00C04F79EFBC}") = "ImageViewer.Tests", "ImageViewer.Tests\ImageViewer.Tests.csproj", "{1C36C8B4-C73F-4B70-90DE-6BC284542888}"
EndProject
Global
	GlobalSection(SolutionConfigurationPlatforms) = preSolution
		Debug|Any CPU = Debug|Any CPU
		Release|Any CPU = Release|Any CPU
	EndGlobalSection
	GlobalSection(ProjectConfigurationPlatforms) = postSolution
		{591E17DD-9953-4E8E-84C5-2E4C73002A38}.Debug|Any CPU.ActiveCfg = Debug|Any CPU
		{591E17DD-9953-4E8E-84C5-2E4C73002A38}.Debug|Any CPU.Build.0 = Debug|Any CPU
		{591E17DD-9953-4E8E-84C5-2E4C73002A38}.Release|Any CPU.ActiveCfg = Release|Any CPU
		{591E17DD-9953-4E8E-84C5-2E4C73002A38}.Release|Any CPU.Build.0 = Release|Any CPU
		{1C36C8B4-C73F-4B70-90DE-6BC284542888}.Debug|Any CPU.ActiveCfg = Debug|Any CPU
		{1C36C8B4-C73F-4B70-90DE-6BC284542888}.Debug|Any CPU.Build.0 = Debug|Any CPU
		{1C36C8B4-C73F-4B70-90DE-6BC284542888}.Release|Any CPU.ActiveCfg = Release|Any CPU
		{1C36C8B4-C73F-4B70-90DE-6BC284542888}.Release|Any CPU.Build.0 = Release|Any CPU
	EndGlobalSection
	GlobalSection(SolutionProperties) = preSolution
		HideSolutionNode = FALSE
	EndGlobalSection
	GlobalSection(ExtensibilityGlobals) = postSolution
		SolutionGuid = {0992D6B1-5D0B-427C-B5CE-003F7D70EC7B}
	EndGlobalSection
EndGlobal
